
Microsoft Visual Studio Solution File, Format Version 12.00
# Visual Studio Version 17
VisualStudioVersion = 17.5.33424.131
MinimumVisualStudioVersion = 10.0.40219.1
Project("{FAE04EC0-301F-11D3-BF4B-00C04F79EFBC}") = "TestApplicationInputStringSubstringCount", "TestApplicationInputStringSubstringCount\TestApplicationInputStringSubstringCount.csproj", "{DB339271-3B7D-406B-9D30-795156B41430}"
EndProject
Global
	GlobalSection(SolutionConfigurationPlatforms) = preSolution
		Debug|Any CPU = Debug|Any CPU
		Release|Any CPU = Release|Any CPU
	EndGlobalSection
	GlobalSection(ProjectConfigurationPlatforms) = postSolution
		{DB339271-3B7D-406B-9D30-795156B41430}.Debug|Any CPU.ActiveCfg = Debug|Any CPU
		{DB339271-3B7D-406B-9D30-795156B41430}.Debug|Any CPU.Build.0 = Debug|Any CPU
		{DB339271-3B7D-406B-9D30-795156B41430}.Release|Any CPU.ActiveCfg = Release|Any CPU
		{DB339271-3B7D-406B-9D30-795156B41430}.Release|Any CPU.Build.0 = Release|Any CPU
	EndGlobalSection
	GlobalSection(SolutionProperties) = preSolution
		HideSolutionNode = FALSE
	EndGlobalSection
	GlobalSection(ExtensibilityGlobals) = postSolution
		SolutionGuid = {D324E3BF-E0E4-4C50-BFC0-C567FCA45E1E}
	EndGlobalSection
EndGlobal
